{
  "R": {
    "Version": "4.1.0",
    "Repositories": [
      {
        "Name": "CRAN",
        "URL": "https://cran.r-project.org/"
      }
    ]
  },
  "Packages": {
    "BH": {
      "Package": "BH",
      "Version": "1.75.0-0",
      "Source": "Repository",
      "Repository": "CRAN",
      "Hash": "e4c04affc2cac20c8fec18385cd14691"
    },
    "GGally": {
      "Package": "GGally",
      "Version": "2.1.1",
      "Source": "Repository",
      "Repository": "CRAN",
      "Hash": "b1be92f7d872bd8b7d97ce8a21634ad2"
    },
    "KMsurv": {
      "Package": "KMsurv",
      "Version": "0.1-5",
      "Source": "Repository",
      "Repository": "CRAN",
      "Hash": "aee647d15e5541ad44d157f7b78fda01"
    },
    "KernSmooth": {
      "Package": "KernSmooth",
      "Version": "2.23-20",
      "Source": "Repository",
      "Repository": "CRAN",
      "Hash": "8dcfa99b14c296bc9f1fd64d52fd3ce7"
    },
    "MASS": {
      "Package": "MASS",
      "Version": "7.3-54",
      "Source": "Repository",
      "Repository": "CRAN",
      "Hash": "0e59129db205112e3963904db67fd0dc"
    },
    "MSG": {
      "Package": "MSG",
      "Version": "0.6",
      "Source": "Repository",
      "Repository": "CRAN",
      "Hash": "d0aa9a5fa3128f50693edd4b7db6cc1d"
    },
    "Matrix": {
      "Package": "Matrix",
      "Version": "1.3-4",
      "Source": "Repository",
      "Repository": "CRAN",
      "Hash": "4ed05e9c9726267e4a5872e09c04587c"
    },
    "MatrixModels": {
      "Package": "MatrixModels",
      "Version": "0.5-0",
      "Source": "Repository",
      "Repository": "CRAN",
      "Hash": "366a8838782928e398b8762c932a42a3"
    },
    "R.methodsS3": {
      "Package": "R.methodsS3",
      "Version": "1.8.1",
      "Source": "Repository",
      "Repository": "CRAN",
      "Hash": "4bf6453323755202d5909697b6f7c109"
    },
    "R.oo": {
      "Package": "R.oo",
      "Version": "1.24.0",
      "Source": "Repository",
      "Repository": "CRAN",
      "Hash": "5709328352717e2f0a9c012be8a97554"
    },
    "R.utils": {
      "Package": "R.utils",
      "Version": "2.10.1",
      "Source": "Repository",
      "Repository": "CRAN",
      "Hash": "a9e316277ff12a43997266f2f6567780"
    },
    "R6": {
      "Package": "R6",
      "Version": "2.5.0",
      "Source": "Repository",
      "Repository": "CRAN",
      "Hash": "b203113193e70978a696b2809525649d"
    },
    "RColorBrewer": {
      "Package": "RColorBrewer",
      "Version": "1.1-2",
      "Source": "Repository",
      "Repository": "CRAN",
      "Hash": "e031418365a7f7a766181ab5a41a5716"
    },
    "RCurl": {
      "Package": "RCurl",
      "Version": "1.98-1.3",
      "Source": "Repository",
      "Repository": "CRAN",
      "Hash": "ddac9abbfba243f9aeab9b5680b968d3"
    },
    "Rcpp": {
      "Package": "Rcpp",
      "Version": "1.0.6",
      "Source": "Repository",
      "Repository": "CRAN",
      "Hash": "dbb5e436998a7eba5a9d682060533338"
    },
    "RcppArmadillo": {
      "Package": "RcppArmadillo",
      "Version": "0.10.5.0.0",
      "Source": "Repository",
      "Repository": "CRAN",
      "Hash": "b1c9574190c1c84417eedaa5901138bf"
    },
    "RcppEigen": {
      "Package": "RcppEigen",
      "Version": "0.3.3.9.1",
      "Source": "Repository",
      "Repository": "CRAN",
      "Hash": "ddfa72a87fdf4c80466a20818be91d00"
    },
    "RgoogleMaps": {
      "Package": "RgoogleMaps",
      "Version": "1.4.5.3",
      "Source": "Repository",
      "Repository": "CRAN",
      "Hash": "bffdcd07380ea0a95228588f8aa93734"
    },
    "SparseM": {
      "Package": "SparseM",
      "Version": "1.81",
      "Source": "Repository",
      "Repository": "CRAN",
      "Hash": "2042cd9759cc89a453c4aefef0ce9aae"
    },
    "TSP": {
      "Package": "TSP",
      "Version": "1.1-10",
      "Source": "Repository",
      "Repository": "CRAN",
      "Hash": "58f127ba1d26ddb0435f9959e814dbea"
    },
    "TeachingDemos": {
      "Package": "TeachingDemos",
      "Version": "2.12",
      "Source": "Repository",
      "Repository": "CRAN",
      "Hash": "41e566d7eab7307a31b3dee3b203c7e0"
    },
    "abind": {
      "Package": "abind",
      "Version": "1.4-5",
      "Source": "Repository",
      "Repository": "CRAN",
      "Hash": "4f57884290cc75ab22f4af9e9d4ca862"
    },
    "alphahull": {
      "Package": "alphahull",
      "Version": "2.2",
      "Source": "Repository",
      "Repository": "CRAN",
      "Hash": "4523ae9a7171830c74e75ace15a2fabb"
    },
    "animation": {
      "Package": "animation",
      "Version": "2.6",
      "Source": "Repository",
      "Repository": "CRAN",
      "Hash": "b726b7119ba99cc79dfdd24cb4ee6894"
    },
    "aplpack": {
      "Package": "aplpack",
      "Version": "1.3.3",
      "Source": "Repository",
      "Repository": "CRAN",
      "Hash": "9992fc89aceb5e7ba94aefc556e24415"
    },
    "askpass": {
      "Package": "askpass",
      "Version": "1.1",
      "Source": "Repository",
      "Repository": "CRAN",
      "Hash": "e8a22846fff485f0be3770c2da758713"
    },
    "assertthat": {
      "Package": "assertthat",
      "Version": "0.2.1",
      "Source": "Repository",
      "Repository": "CRAN",
      "Hash": "50c838a310445e954bc13f26f26a6ecf"
    },
    "backports": {
      "Package": "backports",
      "Version": "1.2.1",
      "Source": "Repository",
      "Repository": "CRAN",
      "Hash": "644043219fc24e190c2f620c1a380a69"
    },
    "base64enc": {
      "Package": "base64enc",
      "Version": "0.1-3",
      "Source": "Repository",
      "Repository": "CRAN",
      "Hash": "543776ae6848fde2f48ff3816d0628bc"
    },
    "bitops": {
      "Package": "bitops",
      "Version": "1.0-7",
      "Source": "Repository",
      "Repository": "CRAN",
      "Hash": "b7d8d8ee39869c18d8846a184dd8a1af"
    },
    "bookdown": {
      "Package": "bookdown",
      "Version": "0.22",
      "Source": "Repository",
      "Repository": "CRAN",
      "Hash": "8fb0b67dfdf9d751fc93cb0036def3cc"
    },
    "boot": {
      "Package": "boot",
      "Version": "1.3-28",
      "Source": "Repository",
      "Repository": "CRAN",
      "Hash": "0baa960e3b49c6176a4f42addcbacc59"
    },
    "broom": {
      "Package": "broom",
      "Version": "0.7.6",
      "Source": "Repository",
      "Repository": "CRAN",
      "Hash": "06015476250468fc013c30022118ce3a"
    },
    "bslib": {
      "Package": "bslib",
      "Version": "0.2.5.1",
      "Source": "Repository",
      "Repository": "CRAN",
      "Hash": "2f069f3f42847231aef7baa49bed97b0"
    },
    "caTools": {
      "Package": "caTools",
      "Version": "1.18.2",
      "Source": "Repository",
      "Repository": "CRAN",
      "Hash": "34d90fa5845004236b9eacafc51d07b2"
    },
    "cachem": {
      "Package": "cachem",
      "Version": "1.0.5",
      "Source": "Repository",
      "Repository": "CRAN",
      "Hash": "5346f76a33eb7417812c270b04a5581b"
    },
    "callr": {
      "Package": "callr",
      "Version": "3.7.0",
      "Source": "Repository",
      "Repository": "CRAN",
      "Hash": "461aa75a11ce2400245190ef5d3995df"
    },
    "car": {
      "Package": "car",
      "Version": "3.0-10",
      "Source": "Repository",
      "Repository": "CRAN",
      "Hash": "12d8cdaf73c30b8c8cb7a22591a3f57d"
    },
    "carData": {
      "Package": "carData",
      "Version": "3.0-4",
      "Source": "Repository",
      "Repository": "CRAN",
      "Hash": "7ff5c94cec207b3fd9774cfaa5157738"
    },
    "cellranger": {
      "Package": "cellranger",
      "Version": "1.1.0",
      "Source": "Repository",
      "Repository": "CRAN",
      "Hash": "f61dbaec772ccd2e17705c1e872e9e7c"
    },
    "cli": {
      "Package": "cli",
      "Version": "2.5.0",
      "Source": "Repository",
      "Repository": "CRAN",
      "Hash": "a94ba44cee3ea571e813721e64184172"
    },
    "clipr": {
      "Package": "clipr",
      "Version": "0.7.1",
      "Source": "Repository",
      "Repository": "CRAN",
      "Hash": "ebaa97ac99cc2daf04e77eecc7b781d7"
    },
    "cluster": {
      "Package": "cluster",
      "Version": "2.1.2",
      "Source": "Repository",
      "Repository": "CRAN",
      "Hash": "ce49bfe5bc0b3ecd43a01fe1b01c2243"
    },
    "coda": {
      "Package": "coda",
      "Version": "0.19-4",
      "Source": "Repository",
      "Repository": "CRAN",
      "Hash": "24b6d006b8b2343876cf230687546932"
    },
    "codetools": {
      "Package": "codetools",
      "Version": "0.2-18",
      "Source": "Repository",
      "Repository": "CRAN",
      "Hash": "019388fc48e48b3da0d3a76ff94608a8"
    },
    "colorspace": {
      "Package": "colorspace",
      "Version": "2.0-1",
      "Source": "Repository",
      "Repository": "CRAN",
      "Hash": "6cab523af06ac301e7a40c5529d45882"
    },
    "commonmark": {
      "Package": "commonmark",
      "Version": "1.7",
      "Source": "Repository",
      "Repository": "CRAN",
      "Hash": "0f22be39ec1d141fd03683c06f3a6e67"
    },
    "conquer": {
      "Package": "conquer",
      "Version": "1.0.2",
      "Source": "Repository",
      "Repository": "CRAN",
      "Hash": "a31720f692920e635ecef0481d478247"
    },
    "corrplot": {
      "Package": "corrplot",
      "Version": "0.89",
      "Source": "Repository",
      "Repository": "CRAN",
      "Hash": "98960b099023f7d04dd5a46bd4ff5d45"
    },
    "cowplot": {
      "Package": "cowplot",
      "Version": "1.1.1",
      "Source": "Repository",
      "Repository": "CRAN",
      "Hash": "b418e8423699d11c7f2087c2bfd07da2"
    },
    "cpp11": {
      "Package": "cpp11",
      "Version": "0.2.7",
      "Source": "Repository",
      "Repository": "CRAN",
      "Hash": "730eebcc741a5c36761f7d4d0f5e37b8"
    },
    "crayon": {
      "Package": "crayon",
      "Version": "1.4.1",
      "Source": "Repository",
      "Repository": "CRAN",
      "Hash": "e75525c55c70e5f4f78c9960a4b402e9"
    },
    "crosstalk": {
      "Package": "crosstalk",
      "Version": "1.1.1",
      "Source": "Repository",
      "Repository": "CRAN",
      "Hash": "2b06f9e415a62b6762e4b8098d2aecbc"
    },
    "curl": {
      "Package": "curl",
      "Version": "4.3.1",
      "Source": "Repository",
      "Repository": "CRAN",
      "Hash": "c5e68405893f030f139f6d6675eac675"
    },
    "data.table": {
      "Package": "data.table",
      "Version": "1.14.0",
      "Source": "Repository",
      "Repository": "CRAN",
      "Hash": "d1b8b1a821ee564a3515fa6c6d5c52dc"
    },
    "deldir": {
      "Package": "deldir",
      "Version": "0.2-10",
      "Source": "Repository",
      "Repository": "CRAN",
      "Hash": "6ba6a411bdd4c1b297bd54e2c5c98385"
    },
    "dendextend": {
      "Package": "dendextend",
      "Version": "1.15.1",
      "Source": "Repository",
      "Repository": "CRAN",
      "Hash": "7f9ef29016a3d840bbd92f879c7cb67b"
    },
    "digest": {
      "Package": "digest",
      "Version": "0.6.27",
      "Source": "Repository",
      "Repository": "CRAN",
      "Hash": "a0cbe758a531d054b537d16dff4d58a1"
    },
    "dplyr": {
      "Package": "dplyr",
      "Version": "1.0.6",
      "Source": "Repository",
      "Repository": "CRAN",
      "Hash": "19e84500b64bc7e589cb1e2550e25832"
    },
    "egg": {
      "Package": "egg",
      "Version": "0.4.5",
      "Source": "Repository",
      "Repository": "CRAN",
      "Hash": "d958917f7b60c13089ab0c8d17114053"
    },
    "ellipsis": {
      "Package": "ellipsis",
      "Version": "0.3.2",
      "Source": "Repository",
      "Repository": "CRAN",
      "Hash": "bb0eec2fe32e88d9e2836c2f73ea2077"
    },
    "evaluate": {
      "Package": "evaluate",
      "Version": "0.14",
      "Source": "Repository",
      "Repository": "CRAN",
      "Hash": "ec8ca05cffcc70569eaaad8469d2a3a7"
    },
    "exactRankTests": {
      "Package": "exactRankTests",
      "Version": "0.8-32",
      "Source": "Repository",
      "Repository": "CRAN",
      "Hash": "01737129563c02c57905189aa3750acf"
    },
    "fansi": {
      "Package": "fansi",
      "Version": "0.5.0",
      "Source": "Repository",
      "Repository": "CRAN",
      "Hash": "d447b40982c576a72b779f0a3b3da227"
    },
    "farver": {
      "Package": "farver",
      "Version": "2.1.0",
      "Source": "Repository",
      "Repository": "CRAN",
      "Hash": "c98eb5133d9cb9e1622b8691487f11bb"
    },
    "fastmap": {
      "Package": "fastmap",
      "Version": "1.1.0",
      "Source": "Repository",
      "Repository": "CRAN",
      "Hash": "77bd60a6157420d4ffa93b27cf6a58b8"
    },
    "filehash": {
      "Package": "filehash",
      "Version": "2.4-2",
      "Source": "Repository",
      "Repository": "CRAN",
      "Hash": "417af4bf86b11fdc8737a28905a35136"
    },
    "forcats": {
      "Package": "forcats",
      "Version": "0.5.1",
      "Source": "Repository",
      "Repository": "CRAN",
      "Hash": "81c3244cab67468aac4c60550832655d"
    },
    "foreach": {
      "Package": "foreach",
      "Version": "1.5.1",
      "Source": "Repository",
      "Repository": "CRAN",
      "Hash": "e32cfc0973caba11b65b1fa691b4d8c9"
    },
    "foreign": {
      "Package": "foreign",
      "Version": "0.8-81",
      "Source": "Repository",
      "Repository": "CRAN",
      "Hash": "74628ea7a3be5ee8a7b5bb0a8e84882e"
    },
    "formatR": {
      "Package": "formatR",
      "Version": "1.11",
      "Source": "Repository",
      "Repository": "CRAN",
      "Hash": "2590a6a868515a69f258640a51b724c9"
    },
    "fs": {
      "Package": "fs",
      "Version": "1.5.0",
      "Source": "Repository",
      "Repository": "CRAN",
      "Hash": "44594a07a42e5f91fac9f93fda6d0109"
    },
    "fun": {
      "Package": "fun",
      "Version": "0.3",
      "Source": "Repository",
      "Repository": "CRAN",
      "Hash": "8d5ea146fba89f98fc35b5e59c5f4a42"
    },
    "gclus": {
      "Package": "gclus",
      "Version": "1.3.2",
      "Source": "Repository",
      "Repository": "CRAN",
      "Hash": "8f905e7f70ac42e5b0e39d6ba360dd44"
    },
    "generics": {
      "Package": "generics",
      "Version": "0.1.0",
      "Source": "Repository",
      "Repository": "CRAN",
      "Hash": "4d243a9c10b00589889fe32314ffd902"
    },
    "gganimate": {
      "Package": "gganimate",
      "Version": "1.0.7",
      "Source": "Repository",
      "Repository": "CRAN",
      "Hash": "729026083340f1076e622886c5b337b7"
    },
    "ggplot2": {
      "Package": "ggplot2",
      "Version": "3.3.3",
      "Source": "Repository",
      "Repository": "CRAN",
      "Hash": "3eb6477d01eb5bbdc03f7d5f70f2733e"
    },
    "ggpointdensity": {
      "Package": "ggpointdensity",
      "Version": "0.1.0",
      "Source": "Repository",
      "Repository": "CRAN",
      "Hash": "8868788d373ea767189d8a5436416e30"
    },
    "ggpubr": {
      "Package": "ggpubr",
      "Version": "0.4.0",
      "Source": "Repository",
      "Repository": "CRAN",
      "Hash": "77089557d374c69db7cb77e65f0d6ab0"
    },
    "ggrepel": {
      "Package": "ggrepel",
      "Version": "0.9.1",
      "Source": "Repository",
      "Repository": "CRAN",
      "Hash": "08ab869f37e6a7741a64ab9069bcb67d"
    },
    "ggsci": {
      "Package": "ggsci",
      "Version": "2.9",
      "Source": "Repository",
      "Repository": "CRAN",
      "Hash": "81ccb8213ed592598210afd10c3a5936"
    },
    "ggsignif": {
      "Package": "ggsignif",
      "Version": "0.6.1",
      "Source": "Repository",
      "Repository": "CRAN",
      "Hash": "6770aac2203800889cccd6aee7f206a7"
    },
    "ggtext": {
      "Package": "ggtext",
      "Version": "0.1.1",
      "Source": "Repository",
      "Repository": "CRAN",
      "Hash": "03d8caec959ac70e2d13bad1ac40667c"
    },
    "gifski": {
      "Package": "gifski",
      "Version": "1.4.3-1",
      "Source": "Repository",
      "Repository": "CRAN",
      "Hash": "73d7566604b51f704a2f33b2efef470c"
    },
    "glue": {
      "Package": "glue",
      "Version": "1.4.2",
      "Source": "Repository",
      "Repository": "CRAN",
      "Hash": "6efd734b14c6471cfe443345f3e35e29"
    },
    "goftest": {
      "Package": "goftest",
      "Version": "1.2-2",
      "Source": "Repository",
      "Repository": "CRAN",
      "Hash": "3c9209bce1b10900155ea37ce954cf30"
    },
    "gplots": {
      "Package": "gplots",
      "Version": "3.1.1",
      "Source": "Repository",
      "Repository": "CRAN",
      "Hash": "e65e5d5dea4cbb9ba822dcd782b2ee1f"
    },
    "gridExtra": {
      "Package": "gridExtra",
      "Version": "2.3",
      "Source": "Repository",
      "Repository": "CRAN",
      "Hash": "7d7f283939f563670a697165b2cf5560"
    },
    "gridtext": {
      "Package": "gridtext",
      "Version": "0.1.4",
      "Source": "Repository",
      "Repository": "CRAN",
      "Hash": "5ae1f617531ca2ae244647d9b21b5e74"
    },
    "gtable": {
      "Package": "gtable",
      "Version": "0.3.0",
      "Source": "Repository",
      "Repository": "CRAN",
      "Hash": "ac5c6baf7822ce8732b343f14c072c4d"
    },
    "gtools": {
      "Package": "gtools",
      "Version": "3.9.2",
      "Source": "Repository",
      "Repository": "CRAN",
      "Hash": "2ace6c4a06297d0b364e0444384a2b82"
    },
    "haven": {
      "Package": "haven",
      "Version": "2.4.1",
      "Source": "Repository",
      "Repository": "CRAN",
      "Hash": "9ace652bffef34af558eb5d70903ac2f"
    },
    "heatmaply": {
      "Package": "heatmaply",
      "Version": "1.2.1",
      "Source": "Repository",
      "Repository": "CRAN",
      "Hash": "271afb1ad657f45c52d765598944a781"
    },
    "hexbin": {
      "Package": "hexbin",
      "Version": "1.28.2",
      "Source": "Repository",
      "Repository": "CRAN",
      "Hash": "76314b69dc54f8c14204063a2fd6d74a"
    },
    "highr": {
      "Package": "highr",
      "Version": "0.9",
      "Source": "Repository",
      "Repository": "CRAN",
      "Hash": "8eb36c8125038e648e5d111c0d7b2ed4"
    },
    "hms": {
      "Package": "hms",
      "Version": "1.1.0",
      "Source": "Repository",
      "Repository": "CRAN",
      "Hash": "e4bf161ccb74a2c1c0e8ac63bbe332b4"
    },
    "htmltools": {
      "Package": "htmltools",
      "Version": "0.5.1.1",
      "Source": "Repository",
      "Repository": "CRAN",
      "Hash": "af2c2531e55df5cf230c4b5444fc973c"
    },
    "htmlwidgets": {
      "Package": "htmlwidgets",
      "Version": "1.5.3",
      "Source": "Repository",
      "Repository": "CRAN",
      "Hash": "6fdaa86d0700f8b3e92ee3c445a5a10d"
    },
    "httpuv": {
      "Package": "httpuv",
      "Version": "1.6.1",
      "Source": "Repository",
      "Repository": "CRAN",
      "Hash": "54344a78aae37bc6ef39b1240969df8e"
    },
    "httr": {
      "Package": "httr",
      "Version": "1.4.2",
      "Source": "Repository",
      "Repository": "CRAN",
      "Hash": "a525aba14184fec243f9eaec62fbed43"
    },
    "igraph": {
      "Package": "igraph",
      "Version": "1.2.6",
      "Source": "Repository",
      "Repository": "CRAN",
      "Hash": "7b1f856410253d56ea67ad808f7cdff6"
    },
    "isoband": {
      "Package": "isoband",
      "Version": "0.2.4",
      "Source": "Repository",
      "Repository": "CRAN",
      "Hash": "b2008df40fb297e3fef135c7e8eeec1a"
    },
    "iterators": {
      "Package": "iterators",
      "Version": "1.0.13",
      "Source": "Repository",
      "Repository": "CRAN",
      "Hash": "64778782a89480e9a644f69aad9a2877"
    },
    "jpeg": {
      "Package": "jpeg",
      "Version": "0.1-8.1",
      "Source": "Repository",
      "Repository": "CRAN",
      "Hash": "bc316c003aba520fc73d70ad53b5fc36"
    },
    "jquerylib": {
      "Package": "jquerylib",
      "Version": "0.1.4",
      "Source": "Repository",
      "Repository": "CRAN",
      "Hash": "5aab57a3bd297eee1c1d862735972182"
    },
    "jsonlite": {
      "Package": "jsonlite",
      "Version": "1.7.2",
      "Source": "Repository",
      "Repository": "CRAN",
      "Hash": "98138e0994d41508c7a6b84a0600cfcb"
    },
    "km.ci": {
      "Package": "km.ci",
      "Version": "0.5-2",
      "Source": "Repository",
      "Repository": "CRAN",
      "Hash": "b6090043f6d0b5ffc447be4b3f2811e9"
    },
    "knitr": {
      "Package": "knitr",
      "Version": "1.33",
      "Source": "Repository",
      "Repository": "CRAN",
      "Hash": "0bc1b5da1b0eb07cd4b727e95e9ff0b8"
    },
    "labeling": {
      "Package": "labeling",
      "Version": "0.4.2",
      "Source": "Repository",
      "Repository": "CRAN",
      "Hash": "3d5108641f47470611a32d0bdf357a72"
    },
    "later": {
      "Package": "later",
      "Version": "1.2.0",
      "Source": "Repository",
      "Repository": "CRAN",
      "Hash": "b61890ae77fea19fc8acadd25db70aa4"
    },
    "lattice": {
      "Package": "lattice",
      "Version": "0.20-44",
      "Source": "Repository",
      "Repository": "CRAN",
      "Hash": "f36bf1a849d9106dc2af72e501f9de41"
    },
    "lazyeval": {
      "Package": "lazyeval",
      "Version": "0.2.2",
      "Source": "Repository",
      "Repository": "CRAN",
      "Hash": "d908914ae53b04d4c0c0fd72ecc35370"
    },
    "leaflet": {
      "Package": "leaflet",
      "Version": "2.0.4.1",
      "Source": "Repository",
      "Repository": "CRAN",
      "Hash": "e3d73becdeb92754d27172d278cbf61d"
    },
    "leaflet.providers": {
      "Package": "leaflet.providers",
      "Version": "1.9.0",
      "Source": "Repository",
      "Repository": "CRAN",
      "Hash": "d3082a7beac4a1aeb96100ff06265d7e"
    },
    "lifecycle": {
      "Package": "lifecycle",
      "Version": "1.0.0",
      "Source": "Repository",
      "Repository": "CRAN",
      "Hash": "3471fb65971f1a7b2d4ae7848cf2db8d"
    },
    "lme4": {
      "Package": "lme4",
      "Version": "1.1-27",
      "Source": "Repository",
      "Repository": "CRAN",
      "Hash": "e055d75b424a33fdc8904e5f81263789"
    },
    "lmtest": {
      "Package": "lmtest",
      "Version": "0.9-38",
      "Source": "Repository",
      "Repository": "CRAN",
      "Hash": "b0edacc02f7a3dad41a1afc385e929f4"
    },
    "lpSolve": {
      "Package": "lpSolve",
      "Version": "5.6.15",
      "Source": "Repository",
      "Repository": "CRAN",
      "Hash": "90c3bc497e7d5ec9dbb863621be15abb"
    },
    "magick": {
      "Package": "magick",
      "Version": "2.7.2",
      "Source": "Repository",
      "Repository": "CRAN",
      "Hash": "db36bbb91bf293f0550c51ecbf6f1928"
    },
    "magrittr": {
      "Package": "magrittr",
      "Version": "2.0.1",
      "Source": "Repository",
      "Repository": "CRAN",
      "Hash": "41287f1ac7d28a92f0a286ed507928d3"
    },
    "manipulateWidget": {
      "Package": "manipulateWidget",
      "Version": "0.11.0",
      "Source": "Repository",
      "Repository": "CRAN",
      "Hash": "49db736a0daf02aa8d5040f804db0272"
    },
    "maps": {
      "Package": "maps",
      "Version": "3.3.0",
      "Source": "Repository",
      "Repository": "CRAN",
      "Hash": "392212982257ea03c37b63547dc871b4"
    },
    "maptools": {
      "Package": "maptools",
      "Version": "1.1-1",
      "Source": "Repository",
      "Repository": "CRAN",
      "Hash": "beef5712326b384b1e87ba10c01e18f5"
    },
    "markdown": {
      "Package": "markdown",
      "Version": "1.1",
      "Source": "Repository",
      "Repository": "CRAN",
      "Hash": "61e4a10781dd00d7d81dd06ca9b94e95"
    },
    "matrixStats": {
      "Package": "matrixStats",
      "Version": "0.59.0",
      "Source": "Repository",
      "Repository": "CRAN",
      "Hash": "45a2fee40a2f1bcad392cbe8a5f10d4f"
    },
    "maxstat": {
      "Package": "maxstat",
      "Version": "0.7-25",
      "Source": "Repository",
      "Repository": "CRAN",
      "Hash": "c166f04bd2bbd830ab34b7329104c019"
    },
    "mgcv": {
      "Package": "mgcv",
      "Version": "1.8-36",
      "Source": "Repository",
      "Repository": "CRAN",
      "Hash": "93cc747b0e1ad882a4570463c3575c23"
    },
    "mime": {
      "Package": "mime",
      "Version": "0.10",
      "Source": "Repository",
      "Repository": "CRAN",
      "Hash": "26fa77e707223e1ce042b2b5d09993dc"
    },
    "miniUI": {
      "Package": "miniUI",
      "Version": "0.1.1.1",
      "Source": "Repository",
      "Repository": "CRAN",
      "Hash": "fec5f52652d60615fdb3957b3d74324a"
    },
    "minqa": {
      "Package": "minqa",
      "Version": "1.2.4",
      "Source": "Repository",
      "Repository": "CRAN",
      "Hash": "eaee7d2a6f3ed4491df868611cb064cc"
    },
    "misc3d": {
      "Package": "misc3d",
      "Version": "0.9-0",
      "Source": "Repository",
      "Repository": "CRAN",
      "Hash": "a4540e756faacd9167feb536819e74a7"
    },
    "munsell": {
      "Package": "munsell",
      "Version": "0.5.0",
      "Source": "Repository",
      "Repository": "CRAN",
      "Hash": "6dfe8bf774944bd5595785e3229d8771"
    },
    "mvtnorm": {
      "Package": "mvtnorm",
      "Version": "1.1-2",
      "Source": "Repository",
      "Repository": "CRAN",
      "Hash": "6f0133c3842aef0394dbd844a21d3f5f"
    },
    "network": {
      "Package": "network",
      "Version": "1.17.0",
      "Source": "Repository",
      "Repository": "CRAN",
      "Hash": "6915109c2c0307dcc4de735bb8900c64"
    },
    "nlme": {
      "Package": "nlme",
      "Version": "3.1-152",
      "Source": "Repository",
      "Repository": "CRAN",
      "Hash": "35de1ce639f20b5e10f7f46260730c65"
    },
    "nloptr": {
      "Package": "nloptr",
      "Version": "1.2.2.2",
      "Source": "Repository",
      "Repository": "CRAN",
      "Hash": "2737faeee353704efec5afa1e943dd64"
    },
    "nnet": {
      "Package": "nnet",
      "Version": "7.3-16",
      "Source": "Repository",
      "Repository": "CRAN",
      "Hash": "3a3dc184000bc9e6c145c4dbde4dd702"
    },
    "numDeriv": {
      "Package": "numDeriv",
      "Version": "2016.8-1.1",
      "Source": "Repository",
      "Repository": "CRAN",
      "Hash": "df58958f293b166e4ab885ebcad90e02"
    },
    "openssl": {
      "Package": "openssl",
      "Version": "1.4.4",
      "Source": "Repository",
      "Repository": "CRAN",
      "Hash": "f4dbc5a47fd93d3415249884d31d6791"
    },
    "openxlsx": {
      "Package": "openxlsx",
      "Version": "4.2.3",
      "Source": "Repository",
      "Repository": "CRAN",
      "Hash": "2253a430965e222d11a2f9277cd34c2e"
    },
    "packrat": {
      "Package": "packrat",
      "Version": "0.6.0",
      "Source": "Repository",
      "Repository": "CRAN",
      "Hash": "0d6cc4c357e7602bb3eee299f4cfc2a5"
    },
    "pbkrtest": {
      "Package": "pbkrtest",
      "Version": "0.5.1",
      "Source": "Repository",
      "Repository": "CRAN",
      "Hash": "b304ff5955f37b48bd30518faf582929"
    },
    "pdftools": {
      "Package": "pdftools",
      "Version": "3.0.1",
      "Source": "Repository",
      "Repository": "CRAN",
      "Hash": "b7a8772f77a852ec8fe678644fd5ba6e"
    },
    "pillar": {
      "Package": "pillar",
      "Version": "1.6.1",
      "Source": "Repository",
      "Repository": "CRAN",
      "Hash": "8672ae02bd20f6479bce2d06c7ff1401"
    },
    "pkgconfig": {
      "Package": "pkgconfig",
      "Version": "2.0.3",
      "Source": "Repository",
      "Repository": "CRAN",
      "Hash": "01f28d4278f15c76cddbea05899c5d6f"
    },
    "plot3D": {
      "Package": "plot3D",
      "Version": "1.4",
      "Source": "Repository",
      "Repository": "CRAN",
      "Hash": "092e8bfd36dc747184cb56e4686f0cd3"
    },
    "plotly": {
      "Package": "plotly",
      "Version": "4.9.4",
      "Source": "Repository",
      "Repository": "CRAN",
      "Hash": "3f385f2cd5c270ea3bbe68cb94f7c558"
    },
    "plotrix": {
      "Package": "plotrix",
      "Version": "3.8-1",
      "Source": "Repository",
      "Repository": "CRAN",
      "Hash": "cd2248636c86e6716cd7ae086536cecc"
    },
    "plyr": {
      "Package": "plyr",
      "Version": "1.8.6",
      "Source": "Repository",
      "Repository": "CRAN",
      "Hash": "ec0e5ab4e5f851f6ef32cd1d1984957f"
    },
    "png": {
      "Package": "png",
      "Version": "0.1-7",
      "Source": "Repository",
      "Repository": "CRAN",
      "Hash": "03b7076c234cb3331288919983326c55"
    },
    "polyclip": {
      "Package": "polyclip",
      "Version": "1.10-0",
      "Source": "Repository",
      "Repository": "CRAN",
      "Hash": "cb167f328b3ada4ec5cf67a7df4c900a"
    },
    "polynom": {
      "Package": "polynom",
      "Version": "1.4-0",
      "Source": "Repository",
      "Repository": "CRAN",
      "Hash": "c396592ecfe9e75cee1013533efafe34"
    },
    "prettyunits": {
      "Package": "prettyunits",
      "Version": "1.1.1",
      "Source": "Repository",
      "Repository": "CRAN",
      "Hash": "95ef9167b75dde9d2ccc3c7528393e7e"
    },
    "processx": {
      "Package": "processx",
      "Version": "3.5.2",
      "Source": "Repository",
      "Repository": "CRAN",
      "Hash": "0cbca2bc4d16525d009c4dbba156b37c"
    },
    "progress": {
      "Package": "progress",
      "Version": "1.2.2",
      "Source": "Repository",
      "Repository": "CRAN",
      "Hash": "14dc9f7a3c91ebb14ec5bb9208a07061"
    },
    "promises": {
      "Package": "promises",
      "Version": "1.2.0.1",
      "Source": "Repository",
      "Repository": "CRAN",
      "Hash": "4ab2c43adb4d4699cf3690acd378d75d"
    },
    "ps": {
      "Package": "ps",
      "Version": "1.6.0",
      "Source": "Repository",
      "Repository": "CRAN",
      "Hash": "32620e2001c1dce1af49c49dccbb9420"
    },
    "purrr": {
      "Package": "purrr",
      "Version": "0.3.4",
      "Source": "Repository",
      "Repository": "CRAN",
      "Hash": "97def703420c8ab10d8f0e6c72101e02"
    },
    "qap": {
      "Package": "qap",
      "Version": "0.1-1",
      "Source": "Repository",
      "Repository": "CRAN",
      "Hash": "753e69deffc32851121955ea150ecf8d"
    },
    "qpdf": {
      "Package": "qpdf",
      "Version": "1.1",
      "Source": "Repository",
      "Repository": "CRAN",
      "Hash": "5a2907cd44279b5861ac5f813465b5c9"
    },
    "quantreg": {
      "Package": "quantreg",
      "Version": "5.86",
      "Source": "Repository",
      "Repository": "CRAN",
      "Hash": "28692dfa3efea8e19d29347d05f5a489"
    },
    "randomForest": {
      "Package": "randomForest",
      "Version": "4.6-14",
      "Source": "Repository",
      "Repository": "CRAN",
      "Hash": "6367ba8128568cc5ebf8082e440948e4"
    },
    "rappdirs": {
      "Package": "rappdirs",
      "Version": "0.3.3",
      "Source": "Repository",
      "Repository": "CRAN",
      "Hash": "5e3c5dc0b071b21fa128676560dbe94d"
    },
    "raster": {
      "Package": "raster",
      "Version": "3.4-10",
      "Source": "Repository",
      "Repository": "CRAN",
      "Hash": "1d6398dd08391629b5438f9de172f038"
    },
    "readr": {
      "Package": "readr",
      "Version": "1.4.0",
      "Source": "Repository",
      "Repository": "CRAN",
      "Hash": "2639976851f71f330264a9c9c3d43a61"
    },
    "readxl": {
      "Package": "readxl",
      "Version": "1.3.1",
      "Source": "Repository",
      "Repository": "CRAN",
      "Hash": "63537c483c2dbec8d9e3183b3735254a"
    },
    "registry": {
      "Package": "registry",
      "Version": "0.5-1",
      "Source": "Repository",
      "Repository": "CRAN",
      "Hash": "1c9935f4f14c6c096c9c9072ddee59f1"
    },
    "rematch": {
      "Package": "rematch",
      "Version": "1.0.1",
      "Source": "Repository",
      "Repository": "CRAN",
      "Hash": "c66b930d20bb6d858cd18e1cebcfae5c"
    },
    "renv": {
      "Package": "renv",
      "Version": "0.13.2",
      "Source": "Repository",
      "Repository": "CRAN",
      "Hash": "079cb1f03ff972b30401ed05623cbe92"
    },
    "reshape": {
      "Package": "reshape",
      "Version": "0.8.8",
      "Source": "Repository",
      "Repository": "CRAN",
      "Hash": "0f4d941129e00ed34a7d192b1da7ccef"
    },
    "reshape2": {
      "Package": "reshape2",
      "Version": "1.4.4",
      "Source": "Repository",
      "Repository": "CRAN",
      "Hash": "bb5996d0bd962d214a11140d77589917"
    },
    "rgl": {
      "Package": "rgl",
      "Version": "0.106.8",
      "Source": "Repository",
      "Repository": "CRAN",
      "Hash": "b14c98ea1476eb8a384989f205cc6803"
    },
    "rio": {
      "Package": "rio",
      "Version": "0.5.26",
      "Source": "Repository",
      "Repository": "CRAN",
      "Hash": "a83d5939c0e7478cdf53da1da16eaedc"
    },
    "rlang": {
      "Package": "rlang",
      "Version": "0.4.11",
      "Source": "Repository",
      "Repository": "CRAN",
      "Hash": "515f341d3affe0de9e4a7f762efb0456"
    },
    "rmarkdown": {
      "Package": "rmarkdown",
      "Version": "2.8",
      "Source": "Repository",
      "Repository": "CRAN",
      "Hash": "f518ba47713f92d0d603eec7c6888faf"
    },
    "rpart": {
      "Package": "rpart",
      "Version": "4.1-15",
      "Source": "Repository",
      "Repository": "CRAN",
      "Hash": "9787c1fcb680e655d062e7611cadf78e"
    },
    "rsconnect": {
      "Package": "rsconnect",
      "Version": "0.8.18",
      "Source": "Repository",
      "Repository": "CRAN",
      "Hash": "50b4e52011e335f7d3053cfde69893ba"
    },
    "rstatix": {
      "Package": "rstatix",
      "Version": "0.7.0",
      "Source": "Repository",
      "Repository": "CRAN",
      "Hash": "aa020f8efde649badd0b2b5456e942fe"
    },
    "rstudioapi": {
      "Package": "rstudioapi",
      "Version": "0.13",
      "Source": "Repository",
      "Repository": "CRAN",
      "Hash": "06c85365a03fdaf699966cc1d3cf53ea"
    },
    "sass": {
      "Package": "sass",
      "Version": "0.4.0",
      "Source": "Repository",
      "Repository": "CRAN",
      "Hash": "50cf822feb64bb3977bda0b7091be623"
    },
    "scales": {
      "Package": "scales",
      "Version": "1.1.1",
      "Source": "Repository",
      "Repository": "CRAN",
      "Hash": "6f76f71042411426ec8df6c54f34e6dd"
    },
    "scatterplot3d": {
      "Package": "scatterplot3d",
      "Version": "0.3-41",
      "Source": "Repository",
      "Repository": "CRAN",
      "Hash": "0d3e8c286b735517c2df4ed48848e732"
    },
    "seriation": {
      "Package": "seriation",
      "Version": "1.2-9",
      "Source": "Repository",
      "Repository": "CRAN",
      "Hash": "d972f50a1404cf4c413f6c3ca29efc59"
    },
    "sgeostat": {
      "Package": "sgeostat",
      "Version": "1.0-27",
      "Source": "Repository",
      "Repository": "CRAN",
      "Hash": "5e7cd74c654e874ff63db2efaaa2c214"
    },
    "shiny": {
      "Package": "shiny",
      "Version": "1.6.0",
      "Source": "Repository",
      "Repository": "CRAN",
      "Hash": "6e3b6ae7fe02b5859e4bb277f218b8ae"
    },
    "shinyjs": {
      "Package": "shinyjs",
      "Version": "2.0.0",
      "Source": "Repository",
      "Repository": "CRAN",
      "Hash": "9ddfc91d4280eaa34c2103951538976f"
    },
    "showtext": {
      "Package": "showtext",
      "Version": "0.9-2",
      "Source": "Repository",
      "Repository": "CRAN",
      "Hash": "e5dab22dca0b4626733ffca54b81fb6b"
    },
    "showtextdb": {
      "Package": "showtextdb",
      "Version": "3.0",
      "Source": "Repository",
      "Repository": "CRAN",
      "Hash": "c12e756cf947e58b0f2c2a520521a5a8"
    },
    "signal": {
      "Package": "signal",
      "Version": "0.7-7",
      "Source": "Repository",
      "Repository": "CRAN",
      "Hash": "b8f2ef9022ac085add25ae093754e6b3"
    },
    "sm": {
      "Package": "sm",
      "Version": "2.2-5.6",
      "Source": "Repository",
      "Repository": "CRAN",
      "Hash": "4f27b2025944b16393da73c178086b53"
    },
    "sna": {
      "Package": "sna",
      "Version": "2.6",
      "Source": "Repository",
      "Repository": "CRAN",
      "Hash": "a2a44d327eeca6d2550b4c6dcef22e68"
    },
    "sourcetools": {
      "Package": "sourcetools",
      "Version": "0.1.7",
      "Source": "Repository",
      "Repository": "CRAN",
      "Hash": "947e4e02a79effa5d512473e10f41797"
    },
    "sp": {
      "Package": "sp",
      "Version": "1.4-5",
      "Source": "Repository",
      "Repository": "CRAN",
      "Hash": "dfd843ee98246cf932823acf613b05dd"
    },
    "spatstat": {
      "Package": "spatstat",
      "Version": "2.1-0",
      "Source": "Repository",
      "Repository": "CRAN",
      "Hash": "74d077c2cc6165f63f2a051386a3cbb7"
    },
    "spatstat.core": {
      "Package": "spatstat.core",
      "Version": "2.1-2",
      "Source": "Repository",
      "Repository": "CRAN",
      "Hash": "6c1e3cc9e7df1bdfd312e4e75339feae"
    },
    "spatstat.data": {
      "Package": "spatstat.data",
      "Version": "2.1-0",
      "Source": "Repository",
      "Repository": "CRAN",
      "Hash": "4e8002e034d7d0af852b2bbcce851c2e"
    },
    "spatstat.geom": {
      "Package": "spatstat.geom",
      "Version": "2.1-0",
      "Source": "Repository",
      "Repository": "CRAN",
      "Hash": "a0a2cda8121279a62604dd24b5a4b9d4"
    },
    "spatstat.linnet": {
      "Package": "spatstat.linnet",
      "Version": "2.1-1",
      "Source": "Repository",
      "Repository": "CRAN",
      "Hash": "f58ed1a852242fae245cda24827130cd"
    },
    "spatstat.sparse": {
      "Package": "spatstat.sparse",
      "Version": "2.0-0",
      "Source": "Repository",
      "Repository": "CRAN",
      "Hash": "615efff0d33e612b15dc3fc3ba0cc554"
    },
    "spatstat.utils": {
      "Package": "spatstat.utils",
      "Version": "2.1-0",
      "Source": "Repository",
      "Repository": "CRAN",
      "Hash": "72200a58cae0d7046e416e6be6d9d322"
    },
    "splancs": {
      "Package": "splancs",
      "Version": "2.01-42",
      "Source": "Repository",
      "Repository": "CRAN",
      "Hash": "a9801f8987696046fce34c33e99322b6"
    },
    "statnet.common": {
      "Package": "statnet.common",
      "Version": "4.5.0",
      "Source": "Repository",
      "Repository": "CRAN",
      "Hash": "caf9dc2f33cc6ea4b1930cd71ee29d10"
    },
    "stringi": {
      "Package": "stringi",
      "Version": "1.6.2",
      "Source": "Repository",
      "Repository": "CRAN",
      "Hash": "9df5e6f9a7fa11b84adf0429961de66a"
    },
    "stringr": {
      "Package": "stringr",
      "Version": "1.4.0",
      "Source": "Repository",
      "Repository": "CRAN",
      "Hash": "0759e6b6c0957edb1311028a49a35e76"
    },
    "survMisc": {
      "Package": "survMisc",
      "Version": "0.5.5",
      "Source": "Repository",
      "Repository": "CRAN",
      "Hash": "566b73db4f3b2f517e707e1c73267325"
    },
    "survival": {
      "Package": "survival",
      "Version": "3.2-11",
      "Source": "Repository",
      "Repository": "CRAN",
      "Hash": "f4d706b25d640dbaeb56d9c9b6ce9a22"
    },
    "survminer": {
      "Package": "survminer",
      "Version": "0.4.9",
      "Source": "Repository",
      "Repository": "CRAN",
      "Hash": "3f29f006a8eb499eff91d8b72325756e"
    },
    "svglite": {
      "Package": "svglite",
      "Version": "2.0.0",
      "Source": "Repository",
      "Repository": "CRAN",
      "Hash": "8fb6188960bf0f90996ce52f9c2106ac"
    },
    "sys": {
      "Package": "sys",
      "Version": "3.4",
      "Source": "Repository",
      "Repository": "CRAN",
      "Hash": "b227d13e29222b4574486cfcbde077fa"
    },
    "sysfonts": {
      "Package": "sysfonts",
      "Version": "0.8.3",
      "Source": "Repository",
      "Repository": "CRAN",
      "Hash": "6a750650ae5e5ba11b45cb5012bd6167"
    },
    "systemfonts": {
      "Package": "systemfonts",
      "Version": "1.0.2",
      "Source": "Repository",
      "Repository": "CRAN",
      "Hash": "f2e17ba09737e2e7e2ec40fc1f9b6e08"
    },
    "tensor": {
      "Package": "tensor",
      "Version": "1.5",
      "Source": "Repository",
      "Repository": "CRAN",
      "Hash": "25cfab6cf405c15bccf7e69ec39df090"
    },
    "tibble": {
      "Package": "tibble",
      "Version": "3.1.2",
      "Source": "Repository",
      "Repository": "CRAN",
      "Hash": "349b40a9f144516d537c875e786ec8b8"
    },
    "tidyr": {
      "Package": "tidyr",
      "Version": "1.1.3",
      "Source": "Repository",
      "Repository": "CRAN",
      "Hash": "450d7dfaedde58e28586b854eeece4fa"
    },
    "tidyselect": {
      "Package": "tidyselect",
      "Version": "1.1.1",
      "Source": "Repository",
      "Repository": "CRAN",
      "Hash": "7243004a708d06d4716717fa1ff5b2fe"
    },
    "tikzDevice": {
      "Package": "tikzDevice",
      "Version": "0.12.3.1",
      "Source": "Repository",
      "Repository": "CRAN",
      "Hash": "78009f10e5ea26a71103c5ad22632fc8"
    },
    "tinytex": {
      "Package": "tinytex",
      "Version": "0.32",
      "Source": "Repository",
      "Repository": "CRAN",
      "Hash": "db9a6f2cf147751322d22c9f6647c7bd"
    },
    "transformr": {
      "Package": "transformr",
      "Version": "0.1.3",
      "Source": "Repository",
      "Repository": "CRAN",
      "Hash": "d554a72d831cfa946c6fa0bd9f6bc976"
    },
    "tripack": {
      "Package": "tripack",
      "Version": "1.3-9.1",
      "Source": "Repository",
      "Repository": "CRAN",
      "Hash": "f24fc3b5569f9c4137916865b4d50e78"
    },
    "tuneR": {
      "Package": "tuneR",
      "Version": "1.3.3",
      "Source": "Repository",
      "Repository": "CRAN",
      "Hash": "5bbc623279d70ff9bfa18045bb1411c5"
    },
    "tweenr": {
      "Package": "tweenr",
      "Version": "1.0.2",
      "Source": "Repository",
      "Repository": "CRAN",
      "Hash": "6cc663f970a529dbf776f11d5bcd1a2e"
    },
    "utf8": {
      "Package": "utf8",
      "Version": "1.2.1",
      "Source": "Repository",
      "Repository": "CRAN",
      "Hash": "c3ad47dc6da0751f18ed53c4613e3ac7"
    },
    "vcd": {
      "Package": "vcd",
      "Version": "1.4-8",
      "Source": "Repository",
      "Repository": "CRAN",
      "Hash": "bfd83643ebd2a3a5758199b612e1428f"
    },
    "vctrs": {
      "Package": "vctrs",
      "Version": "0.3.8",
      "Source": "Repository",
      "Repository": "CRAN",
      "Hash": "ecf749a1b39ea72bd9b51b76292261f1"
    },
    "vioplot": {
      "Package": "vioplot",
      "Version": "0.3.6",
      "Source": "Repository",
      "Repository": "CRAN",
      "Hash": "16f08c566712103bd1f8d70141590ac2"
    },
    "viridis": {
      "Package": "viridis",
      "Version": "0.6.1",
      "Source": "Repository",
      "Repository": "CRAN",
      "Hash": "424d1285b7372d39806abb19467e4df4"
    },
    "viridisLite": {
      "Package": "viridisLite",
      "Version": "0.4.0",
      "Source": "Repository",
      "Repository": "CRAN",
      "Hash": "55e157e2aa88161bdb0754218470d204"
    },
    "webshot": {
      "Package": "webshot",
      "Version": "0.5.2",
      "Source": "Repository",
      "Repository": "CRAN",
      "Hash": "e99d80ad34457a4853674e89d5e806de"
    },
    "withr": {
      "Package": "withr",
      "Version": "2.4.2",
      "Source": "Repository",
      "Repository": "CRAN",
      "Hash": "ad03909b44677f930fa156d47d7a3aeb"
    },
    "xfun": {
      "Package": "xfun",
      "Version": "0.23",
      "Source": "Repository",
      "Repository": "CRAN",
      "Hash": "791a57f43c887111490851dcd166d344"
    },
    "xml2": {
      "Package": "xml2",
      "Version": "1.3.2",
      "Source": "Repository",
      "Repository": "CRAN",
      "Hash": "d4d71a75dd3ea9eb5fa28cc21f9585e2"
    },
    "xtable": {
      "Package": "xtable",
      "Version": "1.8-4",
      "Source": "Repository",
      "Repository": "CRAN",
      "Hash": "b8acdf8af494d9ec19ccb2481a9b11c2"
    },
    "yaml": {
      "Package": "yaml",
      "Version": "2.2.1",
      "Source": "Repository",
      "Repository": "CRAN",
      "Hash": "2826c5d9efb0a88f657c7a679c7106db"
    },
    "zip": {
      "Package": "zip",
      "Version": "2.2.0",
      "Source": "Repository",
      "Repository": "CRAN",
      "Hash": "c7eef2996ac270a18c2715c997a727c5"
    },
    "zoo": {
      "Package": "zoo",
      "Version": "1.8-9",
      "Source": "Repository",
      "Repository": "CRAN",
      "Hash": "035d1c7c12593038c26fb1c2fd40c4d2"
    }
  }
}
